# @generated by Move, please check-in and do not edit manually.

[move]
version = 3
manifest_digest = "B078E4F01A2BBD5A178F057F47BE20AEE8619E6E66727FEC91309C4BFCE90E44"
deps_digest = "F8BBB0CCB2491CA29A3DF03D6F92277A4F3574266507ACD77214D37ECA3F3082"
dependencies = [
  { id = "Sui", name = "Sui" },
]

[[move.package]]
id = "MoveStdlib"
source = { git = "https://github.com/MystenLabs/sui.git", rev = "framework/testnet", subdir = "crates/sui-framework/packages/move-stdlib" }

[[move.package]]
id = "Sui"
source = { git = "https://github.com/MystenLabs/sui.git", rev = "framework/testnet", subdir = "crates/sui-framework/packages/sui-framework" }

dependencies = [
  { id = "MoveStdlib", name = "MoveStdlib" },
]

[move.toolchain-version]
compiler-version = "1.61.0"
edition = "2024.beta"
flavor = "sui"

[env]

[env.testnet]
chain-id = "4c78adac"
original-published-id = "0xca29c04c74038b37ff1a4f83ffd023b7832af366d7860432815aa8f4ea90f185"
latest-published-id = "0xca29c04c74038b37ff1a4f83ffd023b7832af366d7860432815aa8f4ea90f185"
published-version = "1"
